
Microsoft Visual Studio Solution File, Format Version 12.00
# Visual Studio Version 17
VisualStudioVersion = 17.0.32014.148
MinimumVisualStudioVersion = 10.0.40219.1
Project("{FAE04EC0-301F-11D3-BF4B-00C04F79EFBC}") = "AlphabetEnhancedDemo", "AlphabetEnhancedDemo\AlphabetEnhancedDemo.csproj", "{84E652C6-1AD9-47D6-B6CC-58635ED4DAA2}"
EndProject
Global
	GlobalSection(SolutionConfigurationPlatforms) = preSolution
		Debug|Any CPU = Debug|Any CPU
		Release|Any CPU = Release|Any CPU
	EndGlobalSection
	GlobalSection(ProjectConfigurationPlatforms) = postSolution
		{84E652C6-1AD9-47D6-B6CC-58635ED4DAA2}.Debug|Any CPU.ActiveCfg = Debug|Any CPU
		{84E652C6-1AD9-47D6-B6CC-58635ED4DAA2}.Debug|Any CPU.Build.0 = Debug|Any CPU
		{84E652C6-1AD9-47D6-B6CC-58635ED4DAA2}.Release|Any CPU.ActiveCfg = Release|Any CPU
		{84E652C6-1AD9-47D6-B6CC-58635ED4DAA2}.Release|Any CPU.Build.0 = Release|Any CPU
	EndGlobalSection
	GlobalSection(SolutionProperties) = preSolution
		HideSolutionNode = FALSE
	EndGlobalSection
	GlobalSection(ExtensibilityGlobals) = postSolution
		SolutionGuid = {FD830D74-A685-4D4B-842C-688584EC65AB}
	EndGlobalSection
EndGlobal
